// !$*UTF8*$!
{
	archiveVersion = 1;
	classes = {
	};
	objectVersion = 46;
	objects = {

/* Begin PBXBuildFile section */
		61895F3517F8C8C4005D0D24 /* ListStore.m in Sources */ = {isa = PBXBuildFile; fileRef = 61895F3417F8C8C4005D0D24 /* ListStore.m */; };
		61895F3917F8E957005D0D24 /* NewListingViewController.m in Sources */ = {isa = PBXBuildFile; fileRef = 61895F3717F8E957005D0D24 /* NewListingViewController.m */; };
		61895F3A17F8E957005D0D24 /* NewListingViewController.xib in Resources */ = {isa = PBXBuildFile; fileRef = 61895F3817F8E957005D0D24 /* NewListingViewController.xib */; };
		61B70B3917F3A8B6002360A0 /* Foundation.framework in Frameworks */ = {isa = PBXBuildFile; fileRef = 61B70B3817F3A8B6002360A0 /* Foundation.framework */; };
		61B70B3B17F3A8B6002360A0 /* CoreGraphics.framework in Frameworks */ = {isa = PBXBuildFile; fileRef = 61B70B3A17F3A8B6002360A0 /* CoreGraphics.framework */; };
		61B70B3D17F3A8B6002360A0 /* UIKit.framework in Frameworks */ = {isa = PBXBuildFile; fileRef = 61B70B3C17F3A8B6002360A0 /* UIKit.framework */; };
		61B70B4317F3A8B6002360A0 /* InfoPlist.strings in Resources */ = {isa = PBXBuildFile; fileRef = 61B70B4117F3A8B6002360A0 /* InfoPlist.strings */; };
		61B70B4517F3A8B6002360A0 /* main.m in Sources */ = {isa = PBXBuildFile; fileRef = 61B70B4417F3A8B6002360A0 /* main.m */; };
		61B70B4917F3A8B6002360A0 /* AppDelegate.m in Sources */ = {isa = PBXBuildFile; fileRef = 61B70B4817F3A8B6002360A0 /* AppDelegate.m */; };
		61B70B4B17F3A8B6002360A0 /* Images.xcassets in Resources */ = {isa = PBXBuildFile; fileRef = 61B70B4A17F3A8B6002360A0 /* Images.xcassets */; };
		61B70B5217F3A8B6002360A0 /* XCTest.framework in Frameworks */ = {isa = PBXBuildFile; fileRef = 61B70B5117F3A8B6002360A0 /* XCTest.framework */; };
		61B70B5317F3A8B6002360A0 /* Foundation.framework in Frameworks */ = {isa = PBXBuildFile; fileRef = 61B70B3817F3A8B6002360A0 /* Foundation.framework */; };
		61B70B5417F3A8B6002360A0 /* UIKit.framework in Frameworks */ = {isa = PBXBuildFile; fileRef = 61B70B3C17F3A8B6002360A0 /* UIKit.framework */; };
		61B70B5C17F3A8B6002360A0 /* InfoPlist.strings in Resources */ = {isa = PBXBuildFile; fileRef = 61B70B5A17F3A8B6002360A0 /* InfoPlist.strings */; };
		61B70B5E17F3A8B6002360A0 /* GameTraderTests.m in Sources */ = {isa = PBXBuildFile; fileRef = 61B70B5D17F3A8B6002360A0 /* GameTraderTests.m */; };
		61B70B6A17F3A8DD002360A0 /* LoginViewController.m in Sources */ = {isa = PBXBuildFile; fileRef = 61B70B6817F3A8DD002360A0 /* LoginViewController.m */; };
		61B70B6B17F3A8DD002360A0 /* LoginViewController.xib in Resources */ = {isa = PBXBuildFile; fileRef = 61B70B6917F3A8DD002360A0 /* LoginViewController.xib */; };
		61B70B6D17F3ABB7002360A0 /* CFNetwork.framework in Frameworks */ = {isa = PBXBuildFile; fileRef = 61B70B6C17F3ABB7002360A0 /* CFNetwork.framework */; };
		61B70B6F17F3ABC7002360A0 /* libz.dylib in Frameworks */ = {isa = PBXBuildFile; fileRef = 61B70B6E17F3ABC7002360A0 /* libz.dylib */; };
		61B70B7117F3ABCE002360A0 /* MobileCoreServices.framework in Frameworks */ = {isa = PBXBuildFile; fileRef = 61B70B7017F3ABCE002360A0 /* MobileCoreServices.framework */; };
		61B70B7317F3ABD5002360A0 /* SystemConfiguration.framework in Frameworks */ = {isa = PBXBuildFile; fileRef = 61B70B7217F3ABD5002360A0 /* SystemConfiguration.framework */; };
		61B70B7517F3ABF3002360A0 /* CloudMine.framework in Frameworks */ = {isa = PBXBuildFile; fileRef = 61B70B7417F3ABF3002360A0 /* CloudMine.framework */; };
		61B70B7817F3B185002360A0 /* User.m in Sources */ = {isa = PBXBuildFile; fileRef = 61B70B7717F3B185002360A0 /* User.m */; };
		61B70B7B17F3B412002360A0 /* Listing.m in Sources */ = {isa = PBXBuildFile; fileRef = 61B70B7A17F3B412002360A0 /* Listing.m */; };
		61B70B7F17F3B87C002360A0 /* ListingViewController.m in Sources */ = {isa = PBXBuildFile; fileRef = 61B70B7D17F3B87C002360A0 /* ListingViewController.m */; };
		61B70B8017F3B87C002360A0 /* ListingViewController.xib in Resources */ = {isa = PBXBuildFile; fileRef = 61B70B7E17F3B87C002360A0 /* ListingViewController.xib */; };
		61B70B8417F3B8DE002360A0 /* NewUserViewController.m in Sources */ = {isa = PBXBuildFile; fileRef = 61B70B8217F3B8DE002360A0 /* NewUserViewController.m */; };
		61B70B8517F3B8DE002360A0 /* NewUserViewController.xib in Resources */ = {isa = PBXBuildFile; fileRef = 61B70B8317F3B8DE002360A0 /* NewUserViewController.xib */; };
/* End PBXBuildFile section */

/* Begin PBXContainerItemProxy section */
		61B70B5517F3A8B6002360A0 /* PBXContainerItemProxy */ = {
			isa = PBXContainerItemProxy;
			containerPortal = 61B70B2D17F3A8B6002360A0 /* Project object */;
			proxyType = 1;
			remoteGlobalIDString = 61B70B3417F3A8B6002360A0;
			remoteInfo = GameTrader;
		};
/* End PBXContainerItemProxy section */

/* Begin PBXFileReference section */
		61895F3317F8C8C4005D0D24 /* ListStore.h */ = {isa = PBXFileReference; fileEncoding = 4; lastKnownFileType = sourcecode.c.h; name = ListStore.h; path = ../ListStore.h; sourceTree = "<group>"; };
		61895F3417F8C8C4005D0D24 /* ListStore.m */ = {isa = PBXFileReference; fileEncoding = 4; lastKnownFileType = sourcecode.c.objc; name = ListStore.m; path = ../ListStore.m; sourceTree = "<group>"; };
		61895F3617F8E957005D0D24 /* NewListingViewController.h */ = {isa = PBXFileReference; fileEncoding = 4; lastKnownFileType = sourcecode.c.h; name = NewListingViewController.h; path = ../NewListingViewController.h; sourceTree = "<group>"; };
		61895F3717F8E957005D0D24 /* NewListingViewController.m */ = {isa = PBXFileReference; fileEncoding = 4; lastKnownFileType = sourcecode.c.objc; name = NewListingViewController.m; path = ../NewListingViewController.m; sourceTree = "<group>"; };
		61895F3817F8E957005D0D24 /* NewListingViewController.xib */ = {isa = PBXFileReference; fileEncoding = 4; lastKnownFileType = file.xib; name = NewListingViewController.xib; path = ../NewListingViewController.xib; sourceTree = "<group>"; };
		61B70B3517F3A8B6002360A0 /* GameTrader.app */ = {isa = PBXFileReference; explicitFileType = wrapper.application; includeInIndex = 0; path = GameTrader.app; sourceTree = BUILT_PRODUCTS_DIR; };
		61B70B3817F3A8B6002360A0 /* Foundation.framework */ = {isa = PBXFileReference; lastKnownFileType = wrapper.framework; name = Foundation.framework; path = System/Library/Frameworks/Foundation.framework; sourceTree = SDKROOT; };
		61B70B3A17F3A8B6002360A0 /* CoreGraphics.framework */ = {isa = PBXFileReference; lastKnownFileType = wrapper.framework; name = CoreGraphics.framework; path = System/Library/Frameworks/CoreGraphics.framework; sourceTree = SDKROOT; };
		61B70B3C17F3A8B6002360A0 /* UIKit.framework */ = {isa = PBXFileReference; lastKnownFileType = wrapper.framework; name = UIKit.framework; path = System/Library/Frameworks/UIKit.framework; sourceTree = SDKROOT; };
		61B70B4017F3A8B6002360A0 /* GameTrader-Info.plist */ = {isa = PBXFileReference; lastKnownFileType = text.plist.xml; path = "GameTrader-Info.plist"; sourceTree = "<group>"; };
		61B70B4217F3A8B6002360A0 /* en */ = {isa = PBXFileReference; lastKnownFileType = text.plist.strings; name = en; path = en.lproj/InfoPlist.strings; sourceTree = "<group>"; };
		61B70B4417F3A8B6002360A0 /* main.m */ = {isa = PBXFileReference; lastKnownFileType = sourcecode.c.objc; path = main.m; sourceTree = "<group>"; };
		61B70B4617F3A8B6002360A0 /* GameTrader-Prefix.pch */ = {isa = PBXFileReference; lastKnownFileType = sourcecode.c.h; path = "GameTrader-Prefix.pch"; sourceTree = "<group>"; };
		61B70B4717F3A8B6002360A0 /* AppDelegate.h */ = {isa = PBXFileReference; lastKnownFileType = sourcecode.c.h; path = AppDelegate.h; sourceTree = "<group>"; };
		61B70B4817F3A8B6002360A0 /* AppDelegate.m */ = {isa = PBXFileReference; lastKnownFileType = sourcecode.c.objc; path = AppDelegate.m; sourceTree = "<group>"; };
		61B70B4A17F3A8B6002360A0 /* Images.xcassets */ = {isa = PBXFileReference; lastKnownFileType = folder.assetcatalog; path = Images.xcassets; sourceTree = "<group>"; };
		61B70B5017F3A8B6002360A0 /* GameTraderTests.xctest */ = {isa = PBXFileReference; explicitFileType = wrapper.cfbundle; includeInIndex = 0; path = GameTraderTests.xctest; sourceTree = BUILT_PRODUCTS_DIR; };
		61B70B5117F3A8B6002360A0 /* XCTest.framework */ = {isa = PBXFileReference; lastKnownFileType = wrapper.framework; name = XCTest.framework; path = Library/Frameworks/XCTest.framework; sourceTree = DEVELOPER_DIR; };
		61B70B5917F3A8B6002360A0 /* GameTraderTests-Info.plist */ = {isa = PBXFileReference; lastKnownFileType = text.plist.xml; path = "GameTraderTests-Info.plist"; sourceTree = "<group>"; };
		61B70B5B17F3A8B6002360A0 /* en */ = {isa = PBXFileReference; lastKnownFileType = text.plist.strings; name = en; path = en.lproj/InfoPlist.strings; sourceTree = "<group>"; };
		61B70B5D17F3A8B6002360A0 /* GameTraderTests.m */ = {isa = PBXFileReference; lastKnownFileType = sourcecode.c.objc; path = GameTraderTests.m; sourceTree = "<group>"; };
		61B70B6717F3A8DD002360A0 /* LoginViewController.h */ = {isa = PBXFileReference; fileEncoding = 4; lastKnownFileType = sourcecode.c.h; name = LoginViewController.h; path = ../LoginViewController.h; sourceTree = "<group>"; };
		61B70B6817F3A8DD002360A0 /* LoginViewController.m */ = {isa = PBXFileReference; fileEncoding = 4; lastKnownFileType = sourcecode.c.objc; name = LoginViewController.m; path = ../LoginViewController.m; sourceTree = "<group>"; };
		61B70B6917F3A8DD002360A0 /* LoginViewController.xib */ = {isa = PBXFileReference; fileEncoding = 4; lastKnownFileType = file.xib; name = LoginViewController.xib; path = ../LoginViewController.xib; sourceTree = "<group>"; };
		61B70B6C17F3ABB7002360A0 /* CFNetwork.framework */ = {isa = PBXFileReference; lastKnownFileType = wrapper.framework; name = CFNetwork.framework; path = System/Library/Frameworks/CFNetwork.framework; sourceTree = SDKROOT; };
		61B70B6E17F3ABC7002360A0 /* libz.dylib */ = {isa = PBXFileReference; lastKnownFileType = "compiled.mach-o.dylib"; name = libz.dylib; path = usr/lib/libz.dylib; sourceTree = SDKROOT; };
		61B70B7017F3ABCE002360A0 /* MobileCoreServices.framework */ = {isa = PBXFileReference; lastKnownFileType = wrapper.framework; name = MobileCoreServices.framework; path = System/Library/Frameworks/MobileCoreServices.framework; sourceTree = SDKROOT; };
		61B70B7217F3ABD5002360A0 /* SystemConfiguration.framework */ = {isa = PBXFileReference; lastKnownFileType = wrapper.framework; name = SystemConfiguration.framework; path = System/Library/Frameworks/SystemConfiguration.framework; sourceTree = SDKROOT; };
		61B70B7417F3ABF3002360A0 /* CloudMine.framework */ = {isa = PBXFileReference; lastKnownFileType = wrapper.framework; path = CloudMine.framework; sourceTree = "<group>"; };
		61B70B7617F3B185002360A0 /* User.h */ = {isa = PBXFileReference; fileEncoding = 4; lastKnownFileType = sourcecode.c.h; name = User.h; path = ../User.h; sourceTree = "<group>"; };
		61B70B7717F3B185002360A0 /* User.m */ = {isa = PBXFileReference; fileEncoding = 4; lastKnownFileType = sourcecode.c.objc; name = User.m; path = ../User.m; sourceTree = "<group>"; };
		61B70B7917F3B412002360A0 /* Listing.h */ = {isa = PBXFileReference; fileEncoding = 4; lastKnownFileType = sourcecode.c.h; name = Listing.h; path = ../Listing.h; sourceTree = "<group>"; };
		61B70B7A17F3B412002360A0 /* Listing.m */ = {isa = PBXFileReference; fileEncoding = 4; lastKnownFileType = sourcecode.c.objc; name = Listing.m; path = ../Listing.m; sourceTree = "<group>"; };
		61B70B7C17F3B87C002360A0 /* ListingViewController.h */ = {isa = PBXFileReference; fileEncoding = 4; lastKnownFileType = sourcecode.c.h; name = ListingViewController.h; path = ../ListingViewController.h; sourceTree = "<group>"; };
		61B70B7D17F3B87C002360A0 /* ListingViewController.m */ = {isa = PBXFileReference; fileEncoding = 4; lastKnownFileType = sourcecode.c.objc; name = ListingViewController.m; path = ../ListingViewController.m; sourceTree = "<group>"; };
		61B70B7E17F3B87C002360A0 /* ListingViewController.xib */ = {isa = PBXFileReference; fileEncoding = 4; lastKnownFileType = file.xib; name = ListingViewController.xib; path = ../ListingViewController.xib; sourceTree = "<group>"; };
		61B70B8117F3B8DE002360A0 /* NewUserViewController.h */ = {isa = PBXFileReference; fileEncoding = 4; lastKnownFileType = sourcecode.c.h; name = NewUserViewController.h; path = ../NewUserViewController.h; sourceTree = "<group>"; };
		61B70B8217F3B8DE002360A0 /* NewUserViewController.m */ = {isa = PBXFileReference; fileEncoding = 4; lastKnownFileType = sourcecode.c.objc; name = NewUserViewController.m; path = ../NewUserViewController.m; sourceTree = "<group>"; };
		61B70B8317F3B8DE002360A0 /* NewUserViewController.xib */ = {isa = PBXFileReference; fileEncoding = 4; lastKnownFileType = file.xib; name = NewUserViewController.xib; path = ../NewUserViewController.xib; sourceTree = "<group>"; };
/* End PBXFileReference section */

/* Begin PBXFrameworksBuildPhase section */
		61B70B3217F3A8B6002360A0 /* Frameworks */ = {
			isa = PBXFrameworksBuildPhase;
			buildActionMask = 2147483647;
			files = (
				61B70B3D17F3A8B6002360A0 /* UIKit.framework in Frameworks */,
				61B70B7317F3ABD5002360A0 /* SystemConfiguration.framework in Frameworks */,
				61B70B7117F3ABCE002360A0 /* MobileCoreServices.framework in Frameworks */,
				61B70B6F17F3ABC7002360A0 /* libz.dylib in Frameworks */,
				61B70B3B17F3A8B6002360A0 /* CoreGraphics.framework in Frameworks */,
				61B70B6D17F3ABB7002360A0 /* CFNetwork.framework in Frameworks */,
				61B70B3917F3A8B6002360A0 /* Foundation.framework in Frameworks */,
				61B70B7517F3ABF3002360A0 /* CloudMine.framework in Frameworks */,
			);
			runOnlyForDeploymentPostprocessing = 0;
		};
		61B70B4D17F3A8B6002360A0 /* Frameworks */ = {
			isa = PBXFrameworksBuildPhase;
			buildActionMask = 2147483647;
			files = (
				61B70B5217F3A8B6002360A0 /* XCTest.framework in Frameworks */,
				61B70B5417F3A8B6002360A0 /* UIKit.framework in Frameworks */,
				61B70B5317F3A8B6002360A0 /* Foundation.framework in Frameworks */,
			);
			runOnlyForDeploymentPostprocessing = 0;
		};
/* End PBXFrameworksBuildPhase section */

/* Begin PBXGroup section */
		61B70B2C17F3A8B6002360A0 = {
			isa = PBXGroup;
			children = (
				61B70B3E17F3A8B6002360A0 /* GameTrader */,
				61B70B5717F3A8B6002360A0 /* GameTraderTests */,
				61B70B3717F3A8B6002360A0 /* Frameworks */,
				61B70B3617F3A8B6002360A0 /* Products */,
			);
			sourceTree = "<group>";
		};
		61B70B3617F3A8B6002360A0 /* Products */ = {
			isa = PBXGroup;
			children = (
				61B70B3517F3A8B6002360A0 /* GameTrader.app */,
				61B70B5017F3A8B6002360A0 /* GameTraderTests.xctest */,
			);
			name = Products;
			sourceTree = "<group>";
		};
		61B70B3717F3A8B6002360A0 /* Frameworks */ = {
			isa = PBXGroup;
			children = (
				61B70B7417F3ABF3002360A0 /* CloudMine.framework */,
				61B70B7217F3ABD5002360A0 /* SystemConfiguration.framework */,
				61B70B7017F3ABCE002360A0 /* MobileCoreServices.framework */,
				61B70B6E17F3ABC7002360A0 /* libz.dylib */,
				61B70B6C17F3ABB7002360A0 /* CFNetwork.framework */,
				61B70B3817F3A8B6002360A0 /* Foundation.framework */,
				61B70B3A17F3A8B6002360A0 /* CoreGraphics.framework */,
				61B70B3C17F3A8B6002360A0 /* UIKit.framework */,
				61B70B5117F3A8B6002360A0 /* XCTest.framework */,
			);
			name = Frameworks;
			sourceTree = "<group>";
		};
		61B70B3E17F3A8B6002360A0 /* GameTrader */ = {
			isa = PBXGroup;
			children = (
				61B70B4717F3A8B6002360A0 /* AppDelegate.h */,
				61B70B4817F3A8B6002360A0 /* AppDelegate.m */,
				61895F3317F8C8C4005D0D24 /* ListStore.h */,
				61895F3417F8C8C4005D0D24 /* ListStore.m */,
				61B70B7617F3B185002360A0 /* User.h */,
				61B70B7717F3B185002360A0 /* User.m */,
				61B70B7917F3B412002360A0 /* Listing.h */,
				61B70B7A17F3B412002360A0 /* Listing.m */,
				61895F3617F8E957005D0D24 /* NewListingViewController.h */,
				61895F3717F8E957005D0D24 /* NewListingViewController.m */,
				61895F3817F8E957005D0D24 /* NewListingViewController.xib */,
				61B70B8117F3B8DE002360A0 /* NewUserViewController.h */,
				61B70B8217F3B8DE002360A0 /* NewUserViewController.m */,
				61B70B8317F3B8DE002360A0 /* NewUserViewController.xib */,
				61B70B7C17F3B87C002360A0 /* ListingViewController.h */,
				61B70B7D17F3B87C002360A0 /* ListingViewController.m */,
				61B70B7E17F3B87C002360A0 /* ListingViewController.xib */,
				61B70B6717F3A8DD002360A0 /* LoginViewController.h */,
				61B70B6817F3A8DD002360A0 /* LoginViewController.m */,
				61B70B6917F3A8DD002360A0 /* LoginViewController.xib */,
				61B70B4A17F3A8B6002360A0 /* Images.xcassets */,
				61B70B3F17F3A8B6002360A0 /* Supporting Files */,
			);
			path = GameTrader;
			sourceTree = "<group>";
		};
		61B70B3F17F3A8B6002360A0 /* Supporting Files */ = {
			isa = PBXGroup;
			children = (
				61B70B4017F3A8B6002360A0 /* GameTrader-Info.plist */,
				61B70B4117F3A8B6002360A0 /* InfoPlist.strings */,
				61B70B4417F3A8B6002360A0 /* main.m */,
				61B70B4617F3A8B6002360A0 /* GameTrader-Prefix.pch */,
			);
			name = "Supporting Files";
			sourceTree = "<group>";
		};
		61B70B5717F3A8B6002360A0 /* GameTraderTests */ = {
			isa = PBXGroup;
			children = (
				61B70B5D17F3A8B6002360A0 /* GameTraderTests.m */,
				61B70B5817F3A8B6002360A0 /* Supporting Files */,
			);
			path = GameTraderTests;
			sourceTree = "<group>";
		};
		61B70B5817F3A8B6002360A0 /* Supporting Files */ = {
			isa = PBXGroup;
			children = (
				61B70B5917F3A8B6002360A0 /* GameTraderTests-Info.plist */,
				61B70B5A17F3A8B6002360A0 /* InfoPlist.strings */,
			);
			name = "Supporting Files";
			sourceTree = "<group>";
		};
/* End PBXGroup section */

/* Begin PBXNativeTarget section */
		61B70B3417F3A8B6002360A0 /* GameTrader */ = {
			isa = PBXNativeTarget;
			buildConfigurationList = 61B70B6117F3A8B6002360A0 /* Build configuration list for PBXNativeTarget "GameTrader" */;
			buildPhases = (
				61B70B3117F3A8B6002360A0 /* Sources */,
				61B70B3217F3A8B6002360A0 /* Frameworks */,
				61B70B3317F3A8B6002360A0 /* Resources */,
			);
			buildRules = (
			);
			dependencies = (
			);
			name = GameTrader;
			productName = GameTrader;
			productReference = 61B70B3517F3A8B6002360A0 /* GameTrader.app */;
			productType = "com.apple.product-type.application";
		};
		61B70B4F17F3A8B6002360A0 /* GameTraderTests */ = {
			isa = PBXNativeTarget;
			buildConfigurationList = 61B70B6417F3A8B6002360A0 /* Build configuration list for PBXNativeTarget "GameTraderTests" */;
			buildPhases = (
				61B70B4C17F3A8B6002360A0 /* Sources */,
				61B70B4D17F3A8B6002360A0 /* Frameworks */,
				61B70B4E17F3A8B6002360A0 /* Resources */,
			);
			buildRules = (
			);
			dependencies = (
				61B70B5617F3A8B6002360A0 /* PBXTargetDependency */,
			);
			name = GameTraderTests;
			productName = GameTraderTests;
			productReference = 61B70B5017F3A8B6002360A0 /* GameTraderTests.xctest */;
			productType = "com.apple.product-type.bundle.unit-test";
		};
/* End PBXNativeTarget section */

/* Begin PBXProject section */
		61B70B2D17F3A8B6002360A0 /* Project object */ = {
			isa = PBXProject;
			attributes = {
				LastUpgradeCheck = 0500;
				ORGANIZATIONNAME = "Desai, Pratik";
				TargetAttributes = {
					61B70B4F17F3A8B6002360A0 = {
						TestTargetID = 61B70B3417F3A8B6002360A0;
					};
				};
			};
			buildConfigurationList = 61B70B3017F3A8B6002360A0 /* Build configuration list for PBXProject "GameTrader" */;
			compatibilityVersion = "Xcode 3.2";
			developmentRegion = English;
			hasScannedForEncodings = 0;
			knownRegions = (
				en,
			);
			mainGroup = 61B70B2C17F3A8B6002360A0;
			productRefGroup = 61B70B3617F3A8B6002360A0 /* Products */;
			projectDirPath = "";
			projectRoot = "";
			targets = (
				61B70B3417F3A8B6002360A0 /* GameTrader */,
				61B70B4F17F3A8B6002360A0 /* GameTraderTests */,
			);
		};
/* End PBXProject section */

/* Begin PBXResourcesBuildPhase section */
		61B70B3317F3A8B6002360A0 /* Resources */ = {
			isa = PBXResourcesBuildPhase;
			buildActionMask = 2147483647;
			files = (
				61B70B4317F3A8B6002360A0 /* InfoPlist.strings in Resources */,
				61B70B4B17F3A8B6002360A0 /* Images.xcassets in Resources */,
				61895F3A17F8E957005D0D24 /* NewListingViewController.xib in Resources */,
				61B70B8517F3B8DE002360A0 /* NewUserViewController.xib in Resources */,
				61B70B6B17F3A8DD002360A0 /* LoginViewController.xib in Resources */,
				61B70B8017F3B87C002360A0 /* ListingViewController.xib in Resources */,
			);
			runOnlyForDeploymentPostprocessing = 0;
		};
		61B70B4E17F3A8B6002360A0 /* Resources */ = {
			isa = PBXResourcesBuildPhase;
			buildActionMask = 2147483647;
			files = (
				61B70B5C17F3A8B6002360A0 /* InfoPlist.strings in Resources */,
			);
			runOnlyForDeploymentPostprocessing = 0;
		};
/* End PBXResourcesBuildPhase section */

/* Begin PBXSourcesBuildPhase section */
		61B70B3117F3A8B6002360A0 /* Sources */ = {
			isa = PBXSourcesBuildPhase;
			buildActionMask = 2147483647;
			files = (
				61B70B7817F3B185002360A0 /* User.m in Sources */,
				61B70B7B17F3B412002360A0 /* Listing.m in Sources */,
				61B70B4917F3A8B6002360A0 /* AppDelegate.m in Sources */,
				61B70B7F17F3B87C002360A0 /* ListingViewController.m in Sources */,
				61B70B4517F3A8B6002360A0 /* main.m in Sources */,
				61895F3917F8E957005D0D24 /* NewListingViewController.m in Sources */,
				61B70B6A17F3A8DD002360A0 /* LoginViewController.m in Sources */,
				61B70B8417F3B8DE002360A0 /* NewUserViewController.m in Sources */,
				61895F3517F8C8C4005D0D24 /* ListStore.m in Sources */,
			);
			runOnlyForDeploymentPostprocessing = 0;
		};
		61B70B4C17F3A8B6002360A0 /* Sources */ = {
			isa = PBXSourcesBuildPhase;
			buildActionMask = 2147483647;
			files = (
				61B70B5E17F3A8B6002360A0 /* GameTraderTests.m in Sources */,
			);
			runOnlyForDeploymentPostprocessing = 0;
		};
/* End PBXSourcesBuildPhase section */

/* Begin PBXTargetDependency section */
		61B70B5617F3A8B6002360A0 /* PBXTargetDependency */ = {
			isa = PBXTargetDependency;
			target = 61B70B3417F3A8B6002360A0 /* GameTrader */;
			targetProxy = 61B70B5517F3A8B6002360A0 /* PBXContainerItemProxy */;
		};
/* End PBXTargetDependency section */

/* Begin PBXVariantGroup section */
		61B70B4117F3A8B6002360A0 /* InfoPlist.strings */ = {
			isa = PBXVariantGroup;
			children = (
				61B70B4217F3A8B6002360A0 /* en */,
			);
			name = InfoPlist.strings;
			sourceTree = "<group>";
		};
		61B70B5A17F3A8B6002360A0 /* InfoPlist.strings */ = {
			isa = PBXVariantGroup;
			children = (
				61B70B5B17F3A8B6002360A0 /* en */,
			);
			name = InfoPlist.strings;
			sourceTree = "<group>";
		};
/* End PBXVariantGroup section */

/* Begin XCBuildConfiguration section */
		61B70B5F17F3A8B6002360A0 /* Debug */ = {
			isa = XCBuildConfiguration;
			buildSettings = {
				ALWAYS_SEARCH_USER_PATHS = NO;
				ARCHS = "$(ARCHS_STANDARD_INCLUDING_64_BIT)";
				CLANG_CXX_LANGUAGE_STANDARD = "gnu++0x";
				CLANG_CXX_LIBRARY = "libc++";
				CLANG_ENABLE_MODULES = YES;
				CLANG_ENABLE_OBJC_ARC = YES;
				CLANG_WARN_BOOL_CONVERSION = YES;
				CLANG_WARN_CONSTANT_CONVERSION = YES;
				CLANG_WARN_DIRECT_OBJC_ISA_USAGE = YES_ERROR;
				CLANG_WARN_EMPTY_BODY = YES;
				CLANG_WARN_ENUM_CONVERSION = YES;
				CLANG_WARN_INT_CONVERSION = YES;
				CLANG_WARN_OBJC_ROOT_CLASS = YES_ERROR;
				CLANG_WARN__DUPLICATE_METHOD_MATCH = YES;
				"CODE_SIGN_IDENTITY[sdk=iphoneos*]" = "iPhone Developer";
				COPY_PHASE_STRIP = NO;
				GCC_C_LANGUAGE_STANDARD = gnu99;
				GCC_DYNAMIC_NO_PIC = NO;
				GCC_OPTIMIZATION_LEVEL = 0;
				GCC_PREPROCESSOR_DEFINITIONS = (
					"DEBUG=1",
					"$(inherited)",
				);
				GCC_SYMBOLS_PRIVATE_EXTERN = NO;
				GCC_WARN_64_TO_32_BIT_CONVERSION = YES;
				GCC_WARN_ABOUT_RETURN_TYPE = YES_ERROR;
				GCC_WARN_UNDECLARED_SELECTOR = YES;
				GCC_WARN_UNINITIALIZED_AUTOS = YES;
				GCC_WARN_UNUSED_FUNCTION = YES;
				GCC_WARN_UNUSED_VARIABLE = YES;
				IPHONEOS_DEPLOYMENT_TARGET = 7.0;
				ONLY_ACTIVE_ARCH = YES;
				SDKROOT = iphoneos;
			};
			name = Debug;
		};
		61B70B6017F3A8B6002360A0 /* Release */ = {
			isa = XCBuildConfiguration;
			buildSettings = {
				ALWAYS_SEARCH_USER_PATHS = NO;
				ARCHS = "$(ARCHS_STANDARD_INCLUDING_64_BIT)";
				CLANG_CXX_LANGUAGE_STANDARD = "gnu++0x";
				CLANG_CXX_LIBRARY = "libc++";
				CLANG_ENABLE_MODULES = YES;
				CLANG_ENABLE_OBJC_ARC = YES;
				CLANG_WARN_BOOL_CONVERSION = YES;
				CLANG_WARN_CONSTANT_CONVERSION = YES;
				CLANG_WARN_DIRECT_OBJC_ISA_USAGE = YES_ERROR;
				CLANG_WARN_EMPTY_BODY = YES;
				CLANG_WARN_ENUM_CONVERSION = YES;
				CLANG_WARN_INT_CONVERSION = YES;
				CLANG_WARN_OBJC_ROOT_CLASS = YES_ERROR;
				CLANG_WARN__DUPLICATE_METHOD_MATCH = YES;
				"CODE_SIGN_IDENTITY[sdk=iphoneos*]" = "iPhone Developer";
				COPY_PHASE_STRIP = YES;
				ENABLE_NS_ASSERTIONS = NO;
				GCC_C_LANGUAGE_STANDARD = gnu99;
				GCC_WARN_64_TO_32_BIT_CONVERSION = YES;
				GCC_WARN_ABOUT_RETURN_TYPE = YES_ERROR;
				GCC_WARN_UNDECLARED_SELECTOR = YES;
				GCC_WARN_UNINITIALIZED_AUTOS = YES;
				GCC_WARN_UNUSED_FUNCTION = YES;
				GCC_WARN_UNUSED_VARIABLE = YES;
				IPHONEOS_DEPLOYMENT_TARGET = 7.0;
				SDKROOT = iphoneos;
				VALIDATE_PRODUCT = YES;
			};
			name = Release;
		};
		61B70B6217F3A8B6002360A0 /* Debug */ = {
			isa = XCBuildConfiguration;
			buildSettings = {
				ASSETCATALOG_COMPILER_APPICON_NAME = AppIcon;
				ASSETCATALOG_COMPILER_LAUNCHIMAGE_NAME = LaunchImage;
				FRAMEWORK_SEARCH_PATHS = (
					"$(inherited)",
					/Users/pdesai2/IOSStuff/GameTrader,
				);
				GCC_PRECOMPILE_PREFIX_HEADER = YES;
				GCC_PREFIX_HEADER = "GameTrader/GameTrader-Prefix.pch";
				INFOPLIST_FILE = "GameTrader/GameTrader-Info.plist";
				OTHER_LDFLAGS = (
					"-all_load",
					"-ObjC",
				);
				PRODUCT_NAME = "$(TARGET_NAME)";
				WRAPPER_EXTENSION = app;
			};
			name = Debug;
		};
		61B70B6317F3A8B6002360A0 /* Release */ = {
			isa = XCBuildConfiguration;
			buildSettings = {
				ASSETCATALOG_COMPILER_APPICON_NAME = AppIcon;
				ASSETCATALOG_COMPILER_LAUNCHIMAGE_NAME = LaunchImage;
				FRAMEWORK_SEARCH_PATHS = (
					"$(inherited)",
					/Users/pdesai2/IOSStuff/GameTrader,
				);
				GCC_PRECOMPILE_PREFIX_HEADER = YES;
				GCC_PREFIX_HEADER = "GameTrader/GameTrader-Prefix.pch";
				INFOPLIST_FILE = "GameTrader/GameTrader-Info.plist";
				OTHER_LDFLAGS = (
					"-all_load",
					"-ObjC",
				);
				PRODUCT_NAME = "$(TARGET_NAME)";
				WRAPPER_EXTENSION = app;
			};
			name = Release;
		};
		61B70B6517F3A8B6002360A0 /* Debug */ = {
			isa = XCBuildConfiguration;
			buildSettings = {
				ARCHS = "$(ARCHS_STANDARD_INCLUDING_64_BIT)";
				BUNDLE_LOADER = "$(BUILT_PRODUCTS_DIR)/GameTrader.app/GameTrader";
				FRAMEWORK_SEARCH_PATHS = (
					"$(SDKROOT)/Developer/Library/Frameworks",
					"$(inherited)",
					"$(DEVELOPER_FRAMEWORKS_DIR)",
				);
				GCC_PRECOMPILE_PREFIX_HEADER = YES;
				GCC_PREFIX_HEADER = "GameTrader/GameTrader-Prefix.pch";
				GCC_PREPROCESSOR_DEFINITIONS = (
					"DEBUG=1",
					"$(inherited)",
				);
				INFOPLIST_FILE = "GameTraderTests/GameTraderTests-Info.plist";
				PRODUCT_NAME = "$(TARGET_NAME)";
				TEST_HOST = "$(BUNDLE_LOADER)";
				WRAPPER_EXTENSION = xctest;
			};
			name = Debug;
		};
		61B70B6617F3A8B6002360A0 /* Release */ = {
			isa = XCBuildConfiguration;
			buildSettings = {
				ARCHS = "$(ARCHS_STANDARD_INCLUDING_64_BIT)";
				BUNDLE_LOADER = "$(BUILT_PRODUCTS_DIR)/GameTrader.app/GameTrader";
				FRAMEWORK_SEARCH_PATHS = (
					"$(SDKROOT)/Developer/Library/Frameworks",
					"$(inherited)",
					"$(DEVELOPER_FRAMEWORKS_DIR)",
				);
				GCC_PRECOMPILE_PREFIX_HEADER = YES;
				GCC_PREFIX_HEADER = "GameTrader/GameTrader-Prefix.pch";
				INFOPLIST_FILE = "GameTraderTests/GameTraderTests-Info.plist";
				PRODUCT_NAME = "$(TARGET_NAME)";
				TEST_HOST = "$(BUNDLE_LOADER)";
				WRAPPER_EXTENSION = xctest;
			};
			name = Release;
		};
/* End XCBuildConfiguration section */

/* Begin XCConfigurationList section */
		61B70B3017F3A8B6002360A0 /* Build configuration list for PBXProject "GameTrader" */ = {
			isa = XCConfigurationList;
			buildConfigurations = (
				61B70B5F17F3A8B6002360A0 /* Debug */,
				61B70B6017F3A8B6002360A0 /* Release */,
			);
			defaultConfigurationIsVisible = 0;
			defaultConfigurationName = Release;
		};
		61B70B6117F3A8B6002360A0 /* Build configuration list for PBXNativeTarget "GameTrader" */ = {
			isa = XCConfigurationList;
			buildConfigurations = (
				61B70B6217F3A8B6002360A0 /* Debug */,
				61B70B6317F3A8B6002360A0 /* Release */,
			);
			defaultConfigurationIsVisible = 0;
			defaultConfigurationName = Release;
		};
		61B70B6417F3A8B6002360A0 /* Build configuration list for PBXNativeTarget "GameTraderTests" */ = {
			isa = XCConfigurationList;
			buildConfigurations = (
				61B70B6517F3A8B6002360A0 /* Debug */,
				61B70B6617F3A8B6002360A0 /* Release */,
			);
			defaultConfigurationIsVisible = 0;
			defaultConfigurationName = Release;
		};
/* End XCConfigurationList section */
	};
	rootObject = 61B70B2D17F3A8B6002360A0 /* Project object */;
}
